
Microsoft Visual Studio Solution File, Format Version 12.00
# Visual Studio 2012
Project("{FAE04EC0-301F-11D3-BF4B-00C04F79EFBC}") = "IomDatToCsv", "IomDatToCsv.csproj", "{08C7D22E-4FAB-4887-99FE-63738DA952BB}"
EndProject
Global
	GlobalSection(SolutionConfigurationPlatforms) = preSolution
		Debug|Any CPU = Debug|Any CPU
		Release|Any CPU = Release|Any CPU
	EndGlobalSection
	GlobalSection(ProjectConfigurationPlatforms) = postSolution
		{08C7D22E-4FAB-4887-99FE-63738DA952BB}.Debug|Any CPU.ActiveCfg = Debug|Any CPU
		{08C7D22E-4FAB-4887-99FE-63738DA952BB}.Debug|Any CPU.Build.0 = Debug|Any CPU
		{08C7D22E-4FAB-4887-99FE-63738DA952BB}.Release|Any CPU.ActiveCfg = Release|Any CPU
		{08C7D22E-4FAB-4887-99FE-63738DA952BB}.Release|Any CPU.Build.0 = Release|Any CPU
	EndGlobalSection
	GlobalSection(SolutionProperties) = preSolution
		HideSolutionNode = FALSE
	EndGlobalSection
EndGlobal
